
Microsoft Visual Studio Solution File, Format Version 12.00
# Visual Studio 15
VisualStudioVersion = 15.0.28307.438
MinimumVisualStudioVersion = 10.0.40219.1
Project("{FAE04EC0-301F-11D3-BF4B-00C04F79EFBC}") = "NeroEvents", "NeroEvents\NeroEvents.csproj", "{A43D9F39-98EA-4D41-9B74-2945CC89241E}"
EndProject
Global
	GlobalSection(SolutionConfigurationPlatforms) = preSolution
		Debug|Any CPU = Debug|Any CPU
		Release|Any CPU = Release|Any CPU
	EndGlobalSection
	GlobalSection(ProjectConfigurationPlatforms) = postSolution
		{A43D9F39-98EA-4D41-9B74-2945CC89241E}.Debug|Any CPU.ActiveCfg = Debug|Any CPU
		{A43D9F39-98EA-4D41-9B74-2945CC89241E}.Debug|Any CPU.Build.0 = Debug|Any CPU
		{A43D9F39-98EA-4D41-9B74-2945CC89241E}.Release|Any CPU.ActiveCfg = Release|Any CPU
		{A43D9F39-98EA-4D41-9B74-2945CC89241E}.Release|Any CPU.Build.0 = Release|Any CPU
	EndGlobalSection
	GlobalSection(SolutionProperties) = preSolution
		HideSolutionNode = FALSE
	EndGlobalSection
	GlobalSection(ExtensibilityGlobals) = postSolution
		SolutionGuid = {B8D9E902-6434-4235-A319-C2E4AC3D15F9}
	EndGlobalSection
EndGlobal
